// !$*UTF8*$!
{
	archiveVersion = 1;
	classes = {
	};
	objectVersion = 77;
	objects = {

/* Begin PBXBuildFile section */
		0015BC4C5D0B268DAD4F7DE9 /* HighlightedPoText.swift in Sources */ = {isa = PBXBuildFile; fileRef = EB4C950665FE788FD10BA044 /* HighlightedPoText.swift */; };
		008885DF805902F799DAE6DD /* GreetingHelper.swift in Sources */ = {isa = PBXBuildFile; fileRef = 69F047FF04ACFAC5A57C1FDF /* GreetingHelper.swift */; };
		024571D7C03069C4FF7B0FA7 /* SessionCompleteView.swift in Sources */ = {isa = PBXBuildFile; fileRef = CB11968A6978CAE62B53BC04 /* SessionCompleteView.swift */; };
		053BC60335BFF664CC2502CF /* LoadingScreen.swift in Sources */ = {isa = PBXBuildFile; fileRef = B4BBABD167E3FC37B7BA5AB5 /* LoadingScreen.swift */; };
		0B60C4A7DCF348491931AEBC /* lesson_003.json in Resources */ = {isa = PBXBuildFile; fileRef = B1497E3B12E06786F8B179A1 /* lesson_003.json */; };
		0CA0DE6E23037B1B5828FE93 /* SlideLesson.swift in Sources */ = {isa = PBXBuildFile; fileRef = 1E49CB69516AE4DEACD6DF11 /* SlideLesson.swift */; };
		0D6171878C9D920CE6CDED92 /* NameTitleScreen.swift in Sources */ = {isa = PBXBuildFile; fileRef = B6F58506525D6CE32878A0C7 /* NameTitleScreen.swift */; };
		0D972B3DC8A45B6F4BFE5E94 /* GoogleGenerativeAI in Frameworks */ = {isa = PBXBuildFile; productRef = 487AE1EA67AE2C89550C201E /* GoogleGenerativeAI */; };
		0E2A1AC42AFC3393EC0C58C6 /* ChatMessage.swift in Sources */ = {isa = PBXBuildFile; fileRef = E6893FBD2AC772885B02341C /* ChatMessage.swift */; };
		0F0637F837839EE85E063E9A /* SessionProgress.swift in Sources */ = {isa = PBXBuildFile; fileRef = C24BC6C7E1CC146418898D68 /* SessionProgress.swift */; };
		1000760C4EBC14DBB3CB477A /* DailyActivity.swift in Sources */ = {isa = PBXBuildFile; fileRef = 38F1AF056FB07527328995C4 /* DailyActivity.swift */; };
		118726566415C9B860E2EA93 /* TappableTagalogWord.swift in Sources */ = {isa = PBXBuildFile; fileRef = 23B1AC1AF9C8323F0EC1CE3F /* TappableTagalogWord.swift */; };
		16156C06C674FAAA283CF1BF /* TeachCardView.swift in Sources */ = {isa = PBXBuildFile; fileRef = 475FB32862C7CAB41C46C54E /* TeachCardView.swift */; };
		17350FDC627F90A02A885754 /* TarsierFonts.swift in Sources */ = {isa = PBXBuildFile; fileRef = 4A26B178D0C63849F2ED9DD0 /* TarsierFonts.swift */; };
		1A28406C4655CF595CDAB1B0 /* NotificationService.swift in Sources */ = {isa = PBXBuildFile; fileRef = CECF36C68B4DF4E0A9B1FA91 /* NotificationService.swift */; };
		24E401C768B2C1C765C0C224 /* AlamMoBaView.swift in Sources */ = {isa = PBXBuildFile; fileRef = E84481B94748743EF30B1CA8 /* AlamMoBaView.swift */; };
		24FB801D668A63B6D96D9327 /* NotificationScreen.swift in Sources */ = {isa = PBXBuildFile; fileRef = DC3933E4D30A0A30A35D0B1E /* NotificationScreen.swift */; };
		2686C4B0819A1BFF18C3E5C8 /* LessonPopoverCard.swift in Sources */ = {isa = PBXBuildFile; fileRef = 366CC93EAAACCB1B57913063 /* LessonPopoverCard.swift */; };
		287FE3A29DAE4882959B72F8 /* MotivationScreen.swift in Sources */ = {isa = PBXBuildFile; fileRef = 0755EED37BEB76281B207FFC /* MotivationScreen.swift */; };
		2A1DCDAAE8CC4B50EC2CDB86 /* SuperwallKit in Frameworks */ = {isa = PBXBuildFile; productRef = 1B254C39B45831DB5B47D10D /* SuperwallKit */; };
		2BC88A23C0F425A717D26757 /* MainTabView.swift in Sources */ = {isa = PBXBuildFile; fileRef = FDBED49AC8802C7A05C79304 /* MainTabView.swift */; };
		2D2AC7A6FCB5241C821EC71A /* PrimaryButton.swift in Sources */ = {isa = PBXBuildFile; fileRef = 3E1E37117D7A295A82029498 /* PrimaryButton.swift */; };
		370D3EAD70E90E6F596B7AF8 /* SwipeBackModifier.swift in Sources */ = {isa = PBXBuildFile; fileRef = 582E191095CAD6B8156BFA08 /* SwipeBackModifier.swift */; };
		3959A9B0C2BE97D5C9B650D5 /* TarsierCharacter.swift in Sources */ = {isa = PBXBuildFile; fileRef = B1A70D240F36887A2F91224B /* TarsierCharacter.swift */; };
		39908E74AE9CD56F086C6666 /* correct.mp3 in Resources */ = {isa = PBXBuildFile; fileRef = 5CA148C48FB90E2526E603D2 /* correct.mp3 */; };
		3CD9D7100A609013145A1B28 /* PremiumGateSheet.swift in Sources */ = {isa = PBXBuildFile; fileRef = E7DB9E3078E8948B59F80B23 /* PremiumGateSheet.swift */; };
		41D5C642375D7E1868452670 /* ProfileView.swift in Sources */ = {isa = PBXBuildFile; fileRef = CEB1EE9F22C3F12C82F5081F /* ProfileView.swift */; };
		45CBED735190AA6F5301A38D /* WeeklyActivityChart.swift in Sources */ = {isa = PBXBuildFile; fileRef = A09312595CB4E7B224A0B925 /* WeeklyActivityChart.swift */; };
		45E9BBBD69941E4D7A1926DE /* PracticeView.swift in Sources */ = {isa = PBXBuildFile; fileRef = 18E4C6BD3E168155DBD9D685 /* PracticeView.swift */; };
		49E3E09FDEE4FB6FF22378C2 /* SubscriptionGateScreen.swift in Sources */ = {isa = PBXBuildFile; fileRef = 2FA296D83C9B2D2AF06A6B83 /* SubscriptionGateScreen.swift */; };
		4AC72BB0E0EBFFB6781198EF /* PathNodeView.swift in Sources */ = {isa = PBXBuildFile; fileRef = 917AE620F52E04804585AC13 /* PathNodeView.swift */; };
		4D0C62DE6CFF07894F308CC4 /* LessonView.swift in Sources */ = {isa = PBXBuildFile; fileRef = 08D61E44B983120EE2E25748 /* LessonView.swift */; };
		4D6D059AE838E2361E2ED105 /* BunsoSpeechBubble.swift in Sources */ = {isa = PBXBuildFile; fileRef = FD94A1988351D3F15F0D4CC2 /* BunsoSpeechBubble.swift */; };
		4E996785B64EBC9BB0307296 /* lesson_002.json in Resources */ = {isa = PBXBuildFile; fileRef = 9BEDFBC293D802B7E78E6314 /* lesson_002.json */; };
		4F00245F54EA1F869D7A71E0 /* HomeView.swift in Sources */ = {isa = PBXBuildFile; fileRef = 091A2D027DE131B1E9BBBC6B /* HomeView.swift */; };
		528D7B87A452EAAF6B6F191F /* lesson_011.json in Resources */ = {isa = PBXBuildFile; fileRef = BB6FCB130B9C7132052027B3 /* lesson_011.json */; };
		52BBA1E2B1B6A3686F6232D7 /* progress.mp3 in Resources */ = {isa = PBXBuildFile; fileRef = ABCEA96C4A00FA3F24911597 /* progress.mp3 */; };
		55AADF4CA797AF235B401EB6 /* lesson_complete.mp3 in Resources */ = {isa = PBXBuildFile; fileRef = 810BD5D4A13D35488421665A /* lesson_complete.mp3 */; };
		56995CB378A80952171C6902 /* ProgressRingView.swift in Sources */ = {isa = PBXBuildFile; fileRef = 099D01D14DB7EFA05035EB31 /* ProgressRingView.swift */; };
		576BFB798F9475E36F018D1A /* ChapterGridView.swift in Sources */ = {isa = PBXBuildFile; fileRef = D37859C6C68AD47C1ED880B7 /* ChapterGridView.swift */; };
		5D6751FEA2668CD6CEFDF66E /* TarsierColors.swift in Sources */ = {isa = PBXBuildFile; fileRef = 204951829987ECBA0D413D0A /* TarsierColors.swift */; };
		5F18F08CE1EB5139228AFC07 /* PhotoCreditsView.swift in Sources */ = {isa = PBXBuildFile; fileRef = 5527708EB3ED2D16E9E9708A /* PhotoCreditsView.swift */; };
		600FEE600003A090F6F86EB9 /* Assets.xcassets in Resources */ = {isa = PBXBuildFile; fileRef = 9C2378D89C052FCAC09BB170 /* Assets.xcassets */; };
		60E230BFDDAD721B76B986D6 /* WordBank.swift in Sources */ = {isa = PBXBuildFile; fileRef = 8981091307BFE192BF3F036D /* WordBank.swift */; };
		6569D7C68FA3658E545E3F69 /* lesson_005.json in Resources */ = {isa = PBXBuildFile; fileRef = 8585F9EBAE81B61B51ABAF6B /* lesson_005.json */; };
		6898797D4D33E59B51E82493 /* OnboardingLessonView.swift in Sources */ = {isa = PBXBuildFile; fileRef = 3E47065F8108212DB8088A22 /* OnboardingLessonView.swift */; };
		68CF7A8DF5862F1199F8A1C8 /* lesson_010.json in Resources */ = {isa = PBXBuildFile; fileRef = C369839D7D12557E7ACDB187 /* lesson_010.json */; };
		699410D08DAE7354FA87A6E3 /* lesson_001.json in Resources */ = {isa = PBXBuildFile; fileRef = 7E87E8EF4E73D2D9D4E527D6 /* lesson_001.json */; };
		6B289080AC136746EC551F37 /* SentenceBuildQuizView.swift in Sources */ = {isa = PBXBuildFile; fileRef = 3E125BAE103B9FCF44D6CC30 /* SentenceBuildQuizView.swift */; };
		6C854F8544CAADAFAD7099BF /* LessonRowView.swift in Sources */ = {isa = PBXBuildFile; fileRef = 0BAAA4E1AD90F7FA47E50F23 /* LessonRowView.swift */; };
		6C8D11F2915F34D7863A5E4B /* AttributionScreen.swift in Sources */ = {isa = PBXBuildFile; fileRef = B6AB4EC3C4231D87F301687E /* AttributionScreen.swift */; };
		6F0020EE3CEE3F36FE04B25B /* UserProfile.swift in Sources */ = {isa = PBXBuildFile; fileRef = 9CB36CA5AEFE730DF998C96E /* UserProfile.swift */; };
		71515A98A8BEAC5EA1C13FD4 /* lesson_009.json in Resources */ = {isa = PBXBuildFile; fileRef = 628E434D3766C26646D180F3 /* lesson_009.json */; };
		73B4EF8347ED1E3EE9888501 /* HeartsEmptySheet.swift in Sources */ = {isa = PBXBuildFile; fileRef = 9749D52F0A93EC1D9163BB9B /* HeartsEmptySheet.swift */; };
		742F8698C67A7B8AD57CFA46 /* DailyGoalScreen.swift in Sources */ = {isa = PBXBuildFile; fileRef = 8F6C600FF04968840B281DE5 /* DailyGoalScreen.swift */; };
		7551A64F3FF1AE22C73F537E /* LessonResult.swift in Sources */ = {isa = PBXBuildFile; fileRef = 91A9FACB6D20AB766F5171B6 /* LessonResult.swift */; };
		7605F8A7C446D7D3AFEAB646 /* SecondaryButton.swift in Sources */ = {isa = PBXBuildFile; fileRef = 3F006D7EB86B96B93700F25C /* SecondaryButton.swift */; };
		7A77214E9AC313D7F5A7FCB1 /* HeartDisplay.swift in Sources */ = {isa = PBXBuildFile; fileRef = FD351D022D43F28267207471 /* HeartDisplay.swift */; };
		7A898B49BE0F571A27295E57 /* RoadmapDecorations.swift in Sources */ = {isa = PBXBuildFile; fileRef = 68965F42111E735FDD0F0176 /* RoadmapDecorations.swift */; };
		7E5A197B2CF673B5FA0AA57C /* TarsierApp.swift in Sources */ = {isa = PBXBuildFile; fileRef = 89AA407504A6746AA18FB8E6 /* TarsierApp.swift */; };
		8147687B9F8C289D24514CC9 /* page.mp3 in Resources */ = {isa = PBXBuildFile; fileRef = E01A4EADF55A9DA889EEEB02 /* page.mp3 */; };
		81797E47EBB2AFCD8DF84CED /* WidgetScreen.swift in Sources */ = {isa = PBXBuildFile; fileRef = E2BB5F11B81F6FB85A3E2FF9 /* WidgetScreen.swift */; };
		8321D4A500B59C5323B6BEBD /* QuizSlideView.swift in Sources */ = {isa = PBXBuildFile; fileRef = D5DEC845066A52A8B91AB249 /* QuizSlideView.swift */; };
		881CDA2FB54A88301DBB6BDB /* VisionScreen.swift in Sources */ = {isa = PBXBuildFile; fileRef = 7FEDAEE89B71C2A7D71EB326 /* VisionScreen.swift */; };
		88C0B9BF90E95AE3194205DD /* LessonService.swift in Sources */ = {isa = PBXBuildFile; fileRef = A9508A59AD298CD0D5AD18F0 /* LessonService.swift */; };
		8A31076D4816001DB0BCA2E3 /* WordsView.swift in Sources */ = {isa = PBXBuildFile; fileRef = FCB4DC90868E5BB58F66337F /* WordsView.swift */; };
		8BAA6ACD3327B25218382406 /* incorrect.mp3 in Resources */ = {isa = PBXBuildFile; fileRef = 8F71F182FBB54F59BB77B28C /* incorrect.mp3 */; };
		9136ABD7F4E245A61EA03A69 /* ContentView.swift in Sources */ = {isa = PBXBuildFile; fileRef = 44E180A31160DC805B3530AE /* ContentView.swift */; };
		93A9169637700AF6C2FA791F /* ChapterNodeView.swift in Sources */ = {isa = PBXBuildFile; fileRef = B9D22C5AB86362A6FB74B930 /* ChapterNodeView.swift */; };
		95FCFB9BCCC02D478B30A634 /* StreakCalendarView.swift in Sources */ = {isa = PBXBuildFile; fileRef = EDD4A9C20A9DCD69FF7B60FB /* StreakCalendarView.swift */; };
		A2CC9D254993F6D8E43586A6 /* BunsoView.swift in Sources */ = {isa = PBXBuildFile; fileRef = B8B10408555C498086A914E2 /* BunsoView.swift */; };
		A34C50B0E4922A008BD468FB /* ZigzagChapterView.swift in Sources */ = {isa = PBXBuildFile; fileRef = 59916CEB753589A5CC734C17 /* ZigzagChapterView.swift */; };
		A4A531B45A206D138A81CF60 /* lesson_007.json in Resources */ = {isa = PBXBuildFile; fileRef = 4BB0D59DB529C255D19FDAA6 /* lesson_007.json */; };
		A96817343CAD57D4AF7418B6 /* StreakService.swift in Sources */ = {isa = PBXBuildFile; fileRef = F6BAE3455847B83FA3F5BA1A /* StreakService.swift */; };
		AC81B93BFE985CB5A30EB7A8 /* OnboardingFlow.swift in Sources */ = {isa = PBXBuildFile; fileRef = DBCD8CCAC476282D791517EC /* OnboardingFlow.swift */; };
		ACD9E409F56D77268197A74E /* ProgressBarView.swift in Sources */ = {isa = PBXBuildFile; fileRef = 473C5B7D17C0C9BF896E2DC8 /* ProgressBarView.swift */; };
		ACF105281774A3D190A6B6FF /* DailyToastView.swift in Sources */ = {isa = PBXBuildFile; fileRef = 1CB55CD3180266F3284F6AF0 /* DailyToastView.swift */; };
		AF47E994A76E14434D69E3F7 /* GreetingSheetView.swift in Sources */ = {isa = PBXBuildFile; fileRef = 1B2A58CC820B1B11923364E4 /* GreetingSheetView.swift */; };
		B188106A6CD0287E4F0CB298 /* FeatureFlags.swift in Sources */ = {isa = PBXBuildFile; fileRef = 0DBD6B23D023E848B001AF77 /* FeatureFlags.swift */; };
		B5A1293B9F9379C11B46951A /* ProficiencyScreen.swift in Sources */ = {isa = PBXBuildFile; fileRef = C7EA384B1AC9E3F3D1225FD9 /* ProficiencyScreen.swift */; };
		B9A2D2C42A4885F03DE3D42E /* CharacterIntroView.swift in Sources */ = {isa = PBXBuildFile; fileRef = E354354F1E9F2DC1EB5808FF /* CharacterIntroView.swift */; };
		BD5C80AAA366D7ACF89BE613 /* lesson_006.json in Resources */ = {isa = PBXBuildFile; fileRef = 89718F428E19A76EFAE6D36A /* lesson_006.json */; };
		BE01BD0E70F32231D1F6EA5F /* ChapterHeaderView.swift in Sources */ = {isa = PBXBuildFile; fileRef = 6779793AD1D1867BCD9303C3 /* ChapterHeaderView.swift */; };
		C4B0D5C35AD0A10BD2BB5AA3 /* ChapterProgress.swift in Sources */ = {isa = PBXBuildFile; fileRef = 161EAC20196EEF34D268F9BA /* ChapterProgress.swift */; };
		C59428EE044D7C09D0A14A4B /* CoachMarkOverlay.swift in Sources */ = {isa = PBXBuildFile; fileRef = 3D9E19B47AF8A2F0C3FC616D /* CoachMarkOverlay.swift */; };
		C5D6215F22D1F140AA8E22C9 /* TarsierCard.swift in Sources */ = {isa = PBXBuildFile; fileRef = 63AFCD23BA6B7D51D993A567 /* TarsierCard.swift */; };
		C69DC30BBD687FD9DB75105E /* TarsierSpacing.swift in Sources */ = {isa = PBXBuildFile; fileRef = A3C11C7907CF608BDB708F91 /* TarsierSpacing.swift */; };
		C6DE17731C89EFECCD32BCFE /* ChapterDetailView.swift in Sources */ = {isa = PBXBuildFile; fileRef = D204D7E02973820FA82FDA62 /* ChapterDetailView.swift */; };
		C98A417F4B067C5D54D4F51C /* AudioPlayerService.swift in Sources */ = {isa = PBXBuildFile; fileRef = C7CCF35A4679E15E3A59181E /* AudioPlayerService.swift */; };
		CB4EB44F3EB7DEE0B72E9039 /* chapters.json in Resources */ = {isa = PBXBuildFile; fileRef = 1472B2E8325E8DA300837744 /* chapters.json */; };
		CFE9ABD0C4EF814A2BBC1858 /* SplashIntroScreen.swift in Sources */ = {isa = PBXBuildFile; fileRef = CD9CEDBA05532B628BD60D3E /* SplashIntroScreen.swift */; };
		D029C976ED2DFB201D1C5568 /* LanguagePickerScreen.swift in Sources */ = {isa = PBXBuildFile; fileRef = 670A8D7AF46149EA097A1F2F /* LanguagePickerScreen.swift */; };
		D2172719D13C69DBF8D2BA13 /* BunsoGreetingHeader.swift in Sources */ = {isa = PBXBuildFile; fileRef = 601FBFA72001DF467F94C25E /* BunsoGreetingHeader.swift */; };
		D3FBC7A5ED9C1808AEAA2A7C /* LessonImageView.swift in Sources */ = {isa = PBXBuildFile; fileRef = 951089B0F60D6C4CAD6FBC60 /* LessonImageView.swift */; };
		D9FCA7528272356F7DDDC0C4 /* CharacterBubbleView.swift in Sources */ = {isa = PBXBuildFile; fileRef = 5F579B70A458CA751B04C42C /* CharacterBubbleView.swift */; };
		DF3B6F64D09A5289A1CF865D /* ImageMatchQuizView.swift in Sources */ = {isa = PBXBuildFile; fileRef = 205DFCB623E019B789D420D6 /* ImageMatchQuizView.swift */; };
		E0E0757A7D0E3C0FFE85930A /* FlowLayout.swift in Sources */ = {isa = PBXBuildFile; fileRef = EACACA5DDDE60931AD01A7C4 /* FlowLayout.swift */; };
		E1DA712511C05A355B29C6EC /* Color+Hex.swift in Sources */ = {isa = PBXBuildFile; fileRef = C6D1A21E9377CE216B63B7CC /* Color+Hex.swift */; };
		E2B2BA482D1C61E79133C988 /* lesson_004.json in Resources */ = {isa = PBXBuildFile; fileRef = A2DCED4120BC68B92474397F /* lesson_004.json */; };
		E7DE93734537CC6DA07A0E65 /* tap.mp3 in Resources */ = {isa = PBXBuildFile; fileRef = 334AB78600BA755760110060 /* tap.mp3 */; };
		E9CE3A331A87A7416558A37B /* RevenueCat in Frameworks */ = {isa = PBXBuildFile; productRef = 2924F4C7AF12EDD42E4E929E /* RevenueCat */; };
		EC21AFA5ACEBBC72072F60D8 /* SoundManager.swift in Sources */ = {isa = PBXBuildFile; fileRef = 3A9EE03C08C65FACB6E683A9 /* SoundManager.swift */; };
		EF95B6FD5683A0DD0E7BE53A /* AffixBreakdownView.swift in Sources */ = {isa = PBXBuildFile; fileRef = 66D68AE60916444BBAE35788 /* AffixBreakdownView.swift */; };
		F20AAA7456D6B1BBAA7988FA /* StartBubbleView.swift in Sources */ = {isa = PBXBuildFile; fileRef = 4C9CEBF6A897AD2397F2E301 /* StartBubbleView.swift */; };
		F2390769E04C3F8B7C25B90E /* lesson_008.json in Resources */ = {isa = PBXBuildFile; fileRef = D6C02CBDA088AEB754831570 /* lesson_008.json */; };
		F5959EC8F54ED14AEEC5F39A /* lesson_000.json in Resources */ = {isa = PBXBuildFile; fileRef = 2FE73D5DECAD5ED9DA3A9503 /* lesson_000.json */; };
		F80EBF2D8BC153F6DABDF33A /* Chapter.swift in Sources */ = {isa = PBXBuildFile; fileRef = D65F1555E6D8F9F929B15CC2 /* Chapter.swift */; };
		FE3E7E9604967CD6CE5EE6AC /* TaglishCallout.swift in Sources */ = {isa = PBXBuildFile; fileRef = 9CC53468AD1B9C1EB0B4C798 /* TaglishCallout.swift */; };
		FE4553C6FCA8DE9EA6A11E24 /* ChapterBannerView.swift in Sources */ = {isa = PBXBuildFile; fileRef = 8142EF1917AAD789166E3058 /* ChapterBannerView.swift */; };
		FE72AC5A9AF0B93DF346BFFD /* TarsierAIService.swift in Sources */ = {isa = PBXBuildFile; fileRef = 40317D7E75CBD3DE301CED61 /* TarsierAIService.swift */; };
		FFA97D024A62A31520EE8FB9 /* lesson_012.json in Resources */ = {isa = PBXBuildFile; fileRef = FF6F82FE5B365413983309B8 /* lesson_012.json */; };
/* End PBXBuildFile section */

/* Begin PBXFileReference section */
		0755EED37BEB76281B207FFC /* MotivationScreen.swift */ = {isa = PBXFileReference; lastKnownFileType = sourcecode.swift; path = MotivationScreen.swift; sourceTree = "<group>"; };
		08D61E44B983120EE2E25748 /* LessonView.swift */ = {isa = PBXFileReference; lastKnownFileType = sourcecode.swift; path = LessonView.swift; sourceTree = "<group>"; };
		091A2D027DE131B1E9BBBC6B /* HomeView.swift */ = {isa = PBXFileReference; lastKnownFileType = sourcecode.swift; path = HomeView.swift; sourceTree = "<group>"; };
		099D01D14DB7EFA05035EB31 /* ProgressRingView.swift */ = {isa = PBXFileReference; lastKnownFileType = sourcecode.swift; path = ProgressRingView.swift; sourceTree = "<group>"; };
		0BAAA4E1AD90F7FA47E50F23 /* LessonRowView.swift */ = {isa = PBXFileReference; lastKnownFileType = sourcecode.swift; path = LessonRowView.swift; sourceTree = "<group>"; };
		0DBD6B23D023E848B001AF77 /* FeatureFlags.swift */ = {isa = PBXFileReference; lastKnownFileType = sourcecode.swift; path = FeatureFlags.swift; sourceTree = "<group>"; };
		1472B2E8325E8DA300837744 /* chapters.json */ = {isa = PBXFileReference; lastKnownFileType = text.json; path = chapters.json; sourceTree = "<group>"; };
		161EAC20196EEF34D268F9BA /* ChapterProgress.swift */ = {isa = PBXFileReference; lastKnownFileType = sourcecode.swift; path = ChapterProgress.swift; sourceTree = "<group>"; };
		18E4C6BD3E168155DBD9D685 /* PracticeView.swift */ = {isa = PBXFileReference; lastKnownFileType = sourcecode.swift; path = PracticeView.swift; sourceTree = "<group>"; };
		1B2A58CC820B1B11923364E4 /* GreetingSheetView.swift */ = {isa = PBXFileReference; lastKnownFileType = sourcecode.swift; path = GreetingSheetView.swift; sourceTree = "<group>"; };
		1CB55CD3180266F3284F6AF0 /* DailyToastView.swift */ = {isa = PBXFileReference; lastKnownFileType = sourcecode.swift; path = DailyToastView.swift; sourceTree = "<group>"; };
		1E49CB69516AE4DEACD6DF11 /* SlideLesson.swift */ = {isa = PBXFileReference; lastKnownFileType = sourcecode.swift; path = SlideLesson.swift; sourceTree = "<group>"; };
		204951829987ECBA0D413D0A /* TarsierColors.swift */ = {isa = PBXFileReference; lastKnownFileType = sourcecode.swift; path = TarsierColors.swift; sourceTree = "<group>"; };
		205DFCB623E019B789D420D6 /* ImageMatchQuizView.swift */ = {isa = PBXFileReference; lastKnownFileType = sourcecode.swift; path = ImageMatchQuizView.swift; sourceTree = "<group>"; };
		23B1AC1AF9C8323F0EC1CE3F /* TappableTagalogWord.swift */ = {isa = PBXFileReference; lastKnownFileType = sourcecode.swift; path = TappableTagalogWord.swift; sourceTree = "<group>"; };
		2BC7EB6E074A89D467C03394 /* Info.plist */ = {isa = PBXFileReference; lastKnownFileType = text.plist; path = Info.plist; sourceTree = "<group>"; };
		2FA296D83C9B2D2AF06A6B83 /* SubscriptionGateScreen.swift */ = {isa = PBXFileReference; lastKnownFileType = sourcecode.swift; path = SubscriptionGateScreen.swift; sourceTree = "<group>"; };
		2FE73D5DECAD5ED9DA3A9503 /* lesson_000.json */ = {isa = PBXFileReference; lastKnownFileType = text.json; path = lesson_000.json; sourceTree = "<group>"; };
		334AB78600BA755760110060 /* tap.mp3 */ = {isa = PBXFileReference; lastKnownFileType = audio.mp3; path = tap.mp3; sourceTree = "<group>"; };
		366CC93EAAACCB1B57913063 /* LessonPopoverCard.swift */ = {isa = PBXFileReference; lastKnownFileType = sourcecode.swift; path = LessonPopoverCard.swift; sourceTree = "<group>"; };
		38F1AF056FB07527328995C4 /* DailyActivity.swift */ = {isa = PBXFileReference; lastKnownFileType = sourcecode.swift; path = DailyActivity.swift; sourceTree = "<group>"; };
		3A9EE03C08C65FACB6E683A9 /* SoundManager.swift */ = {isa = PBXFileReference; lastKnownFileType = sourcecode.swift; path = SoundManager.swift; sourceTree = "<group>"; };
		3D9E19B47AF8A2F0C3FC616D /* CoachMarkOverlay.swift */ = {isa = PBXFileReference; lastKnownFileType = sourcecode.swift; path = CoachMarkOverlay.swift; sourceTree = "<group>"; };
		3E125BAE103B9FCF44D6CC30 /* SentenceBuildQuizView.swift */ = {isa = PBXFileReference; lastKnownFileType = sourcecode.swift; path = SentenceBuildQuizView.swift; sourceTree = "<group>"; };
		3E1E37117D7A295A82029498 /* PrimaryButton.swift */ = {isa = PBXFileReference; lastKnownFileType = sourcecode.swift; path = PrimaryButton.swift; sourceTree = "<group>"; };
		3E47065F8108212DB8088A22 /* OnboardingLessonView.swift */ = {isa = PBXFileReference; lastKnownFileType = sourcecode.swift; path = OnboardingLessonView.swift; sourceTree = "<group>"; };
		3F006D7EB86B96B93700F25C /* SecondaryButton.swift */ = {isa = PBXFileReference; lastKnownFileType = sourcecode.swift; path = SecondaryButton.swift; sourceTree = "<group>"; };
		40317D7E75CBD3DE301CED61 /* TarsierAIService.swift */ = {isa = PBXFileReference; lastKnownFileType = sourcecode.swift; path = TarsierAIService.swift; sourceTree = "<group>"; };
		44E180A31160DC805B3530AE /* ContentView.swift */ = {isa = PBXFileReference; lastKnownFileType = sourcecode.swift; path = ContentView.swift; sourceTree = "<group>"; };
		473C5B7D17C0C9BF896E2DC8 /* ProgressBarView.swift */ = {isa = PBXFileReference; lastKnownFileType = sourcecode.swift; path = ProgressBarView.swift; sourceTree = "<group>"; };
		475FB32862C7CAB41C46C54E /* TeachCardView.swift */ = {isa = PBXFileReference; lastKnownFileType = sourcecode.swift; path = TeachCardView.swift; sourceTree = "<group>"; };
		4A26B178D0C63849F2ED9DD0 /* TarsierFonts.swift */ = {isa = PBXFileReference; lastKnownFileType = sourcecode.swift; path = TarsierFonts.swift; sourceTree = "<group>"; };
		4BB0D59DB529C255D19FDAA6 /* lesson_007.json */ = {isa = PBXFileReference; lastKnownFileType = text.json; path = lesson_007.json; sourceTree = "<group>"; };
		4C9CEBF6A897AD2397F2E301 /* StartBubbleView.swift */ = {isa = PBXFileReference; lastKnownFileType = sourcecode.swift; path = StartBubbleView.swift; sourceTree = "<group>"; };
		5527708EB3ED2D16E9E9708A /* PhotoCreditsView.swift */ = {isa = PBXFileReference; lastKnownFileType = sourcecode.swift; path = PhotoCreditsView.swift; sourceTree = "<group>"; };
		582E191095CAD6B8156BFA08 /* SwipeBackModifier.swift */ = {isa = PBXFileReference; lastKnownFileType = sourcecode.swift; path = SwipeBackModifier.swift; sourceTree = "<group>"; };
		59916CEB753589A5CC734C17 /* ZigzagChapterView.swift */ = {isa = PBXFileReference; lastKnownFileType = sourcecode.swift; path = ZigzagChapterView.swift; sourceTree = "<group>"; };
		5CA148C48FB90E2526E603D2 /* correct.mp3 */ = {isa = PBXFileReference; lastKnownFileType = audio.mp3; path = correct.mp3; sourceTree = "<group>"; };
		5F579B70A458CA751B04C42C /* CharacterBubbleView.swift */ = {isa = PBXFileReference; lastKnownFileType = sourcecode.swift; path = CharacterBubbleView.swift; sourceTree = "<group>"; };
		601FBFA72001DF467F94C25E /* BunsoGreetingHeader.swift */ = {isa = PBXFileReference; lastKnownFileType = sourcecode.swift; path = BunsoGreetingHeader.swift; sourceTree = "<group>"; };
		628E434D3766C26646D180F3 /* lesson_009.json */ = {isa = PBXFileReference; lastKnownFileType = text.json; path = lesson_009.json; sourceTree = "<group>"; };
		63AFCD23BA6B7D51D993A567 /* TarsierCard.swift */ = {isa = PBXFileReference; lastKnownFileType = sourcecode.swift; path = TarsierCard.swift; sourceTree = "<group>"; };
		66D68AE60916444BBAE35788 /* AffixBreakdownView.swift */ = {isa = PBXFileReference; lastKnownFileType = sourcecode.swift; path = AffixBreakdownView.swift; sourceTree = "<group>"; };
		670A8D7AF46149EA097A1F2F /* LanguagePickerScreen.swift */ = {isa = PBXFileReference; lastKnownFileType = sourcecode.swift; path = LanguagePickerScreen.swift; sourceTree = "<group>"; };
		6779793AD1D1867BCD9303C3 /* ChapterHeaderView.swift */ = {isa = PBXFileReference; lastKnownFileType = sourcecode.swift; path = ChapterHeaderView.swift; sourceTree = "<group>"; };
		68965F42111E735FDD0F0176 /* RoadmapDecorations.swift */ = {isa = PBXFileReference; lastKnownFileType = sourcecode.swift; path = RoadmapDecorations.swift; sourceTree = "<group>"; };
		69F047FF04ACFAC5A57C1FDF /* GreetingHelper.swift */ = {isa = PBXFileReference; lastKnownFileType = sourcecode.swift; path = GreetingHelper.swift; sourceTree = "<group>"; };
		6E3FB2F04B2A708D6E5E6B01 /* Tarsier.app */ = {isa = PBXFileReference; explicitFileType = wrapper.application; includeInIndex = 0; path = Tarsier.app; sourceTree = BUILT_PRODUCTS_DIR; };
		7E87E8EF4E73D2D9D4E527D6 /* lesson_001.json */ = {isa = PBXFileReference; lastKnownFileType = text.json; path = lesson_001.json; sourceTree = "<group>"; };
		7FEDAEE89B71C2A7D71EB326 /* VisionScreen.swift */ = {isa = PBXFileReference; lastKnownFileType = sourcecode.swift; path = VisionScreen.swift; sourceTree = "<group>"; };
		810BD5D4A13D35488421665A /* lesson_complete.mp3 */ = {isa = PBXFileReference; lastKnownFileType = audio.mp3; path = lesson_complete.mp3; sourceTree = "<group>"; };
		8142EF1917AAD789166E3058 /* ChapterBannerView.swift */ = {isa = PBXFileReference; lastKnownFileType = sourcecode.swift; path = ChapterBannerView.swift; sourceTree = "<group>"; };
		8585F9EBAE81B61B51ABAF6B /* lesson_005.json */ = {isa = PBXFileReference; lastKnownFileType = text.json; path = lesson_005.json; sourceTree = "<group>"; };
		89718F428E19A76EFAE6D36A /* lesson_006.json */ = {isa = PBXFileReference; lastKnownFileType = text.json; path = lesson_006.json; sourceTree = "<group>"; };
		8981091307BFE192BF3F036D /* WordBank.swift */ = {isa = PBXFileReference; lastKnownFileType = sourcecode.swift; path = WordBank.swift; sourceTree = "<group>"; };
		89AA407504A6746AA18FB8E6 /* TarsierApp.swift */ = {isa = PBXFileReference; lastKnownFileType = sourcecode.swift; path = TarsierApp.swift; sourceTree = "<group>"; };
		8F6C600FF04968840B281DE5 /* DailyGoalScreen.swift */ = {isa = PBXFileReference; lastKnownFileType = sourcecode.swift; path = DailyGoalScreen.swift; sourceTree = "<group>"; };
		8F71F182FBB54F59BB77B28C /* incorrect.mp3 */ = {isa = PBXFileReference; lastKnownFileType = audio.mp3; path = incorrect.mp3; sourceTree = "<group>"; };
		917AE620F52E04804585AC13 /* PathNodeView.swift */ = {isa = PBXFileReference; lastKnownFileType = sourcecode.swift; path = PathNodeView.swift; sourceTree = "<group>"; };
		91A9FACB6D20AB766F5171B6 /* LessonResult.swift */ = {isa = PBXFileReference; lastKnownFileType = sourcecode.swift; path = LessonResult.swift; sourceTree = "<group>"; };
		951089B0F60D6C4CAD6FBC60 /* LessonImageView.swift */ = {isa = PBXFileReference; lastKnownFileType = sourcecode.swift; path = LessonImageView.swift; sourceTree = "<group>"; };
		9749D52F0A93EC1D9163BB9B /* HeartsEmptySheet.swift */ = {isa = PBXFileReference; lastKnownFileType = sourcecode.swift; path = HeartsEmptySheet.swift; sourceTree = "<group>"; };
		9BEDFBC293D802B7E78E6314 /* lesson_002.json */ = {isa = PBXFileReference; lastKnownFileType = text.json; path = lesson_002.json; sourceTree = "<group>"; };
		9C2378D89C052FCAC09BB170 /* Assets.xcassets */ = {isa = PBXFileReference; lastKnownFileType = folder.assetcatalog; path = Assets.xcassets; sourceTree = "<group>"; };
		9CB36CA5AEFE730DF998C96E /* UserProfile.swift */ = {isa = PBXFileReference; lastKnownFileType = sourcecode.swift; path = UserProfile.swift; sourceTree = "<group>"; };
		9CC53468AD1B9C1EB0B4C798 /* TaglishCallout.swift */ = {isa = PBXFileReference; lastKnownFileType = sourcecode.swift; path = TaglishCallout.swift; sourceTree = "<group>"; };
		A09312595CB4E7B224A0B925 /* WeeklyActivityChart.swift */ = {isa = PBXFileReference; lastKnownFileType = sourcecode.swift; path = WeeklyActivityChart.swift; sourceTree = "<group>"; };
		A2DCED4120BC68B92474397F /* lesson_004.json */ = {isa = PBXFileReference; lastKnownFileType = text.json; path = lesson_004.json; sourceTree = "<group>"; };
		A3C11C7907CF608BDB708F91 /* TarsierSpacing.swift */ = {isa = PBXFileReference; lastKnownFileType = sourcecode.swift; path = TarsierSpacing.swift; sourceTree = "<group>"; };
		A9508A59AD298CD0D5AD18F0 /* LessonService.swift */ = {isa = PBXFileReference; lastKnownFileType = sourcecode.swift; path = LessonService.swift; sourceTree = "<group>"; };
		ABCEA96C4A00FA3F24911597 /* progress.mp3 */ = {isa = PBXFileReference; lastKnownFileType = audio.mp3; path = progress.mp3; sourceTree = "<group>"; };
		B1497E3B12E06786F8B179A1 /* lesson_003.json */ = {isa = PBXFileReference; lastKnownFileType = text.json; path = lesson_003.json; sourceTree = "<group>"; };
		B1A70D240F36887A2F91224B /* TarsierCharacter.swift */ = {isa = PBXFileReference; lastKnownFileType = sourcecode.swift; path = TarsierCharacter.swift; sourceTree = "<group>"; };
		B4BBABD167E3FC37B7BA5AB5 /* LoadingScreen.swift */ = {isa = PBXFileReference; lastKnownFileType = sourcecode.swift; path = LoadingScreen.swift; sourceTree = "<group>"; };
		B6AB4EC3C4231D87F301687E /* AttributionScreen.swift */ = {isa = PBXFileReference; lastKnownFileType = sourcecode.swift; path = AttributionScreen.swift; sourceTree = "<group>"; };
		B6F58506525D6CE32878A0C7 /* NameTitleScreen.swift */ = {isa = PBXFileReference; lastKnownFileType = sourcecode.swift; path = NameTitleScreen.swift; sourceTree = "<group>"; };
		B8B10408555C498086A914E2 /* BunsoView.swift */ = {isa = PBXFileReference; lastKnownFileType = sourcecode.swift; path = BunsoView.swift; sourceTree = "<group>"; };
		B9D22C5AB86362A6FB74B930 /* ChapterNodeView.swift */ = {isa = PBXFileReference; lastKnownFileType = sourcecode.swift; path = ChapterNodeView.swift; sourceTree = "<group>"; };
		BB6FCB130B9C7132052027B3 /* lesson_011.json */ = {isa = PBXFileReference; lastKnownFileType = text.json; path = lesson_011.json; sourceTree = "<group>"; };
		C24BC6C7E1CC146418898D68 /* SessionProgress.swift */ = {isa = PBXFileReference; lastKnownFileType = sourcecode.swift; path = SessionProgress.swift; sourceTree = "<group>"; };
		C369839D7D12557E7ACDB187 /* lesson_010.json */ = {isa = PBXFileReference; lastKnownFileType = text.json; path = lesson_010.json; sourceTree = "<group>"; };
		C6D1A21E9377CE216B63B7CC /* Color+Hex.swift */ = {isa = PBXFileReference; lastKnownFileType = sourcecode.swift; path = "Color+Hex.swift"; sourceTree = "<group>"; };
		C7CCF35A4679E15E3A59181E /* AudioPlayerService.swift */ = {isa = PBXFileReference; lastKnownFileType = sourcecode.swift; path = AudioPlayerService.swift; sourceTree = "<group>"; };
		C7EA384B1AC9E3F3D1225FD9 /* ProficiencyScreen.swift */ = {isa = PBXFileReference; lastKnownFileType = sourcecode.swift; path = ProficiencyScreen.swift; sourceTree = "<group>"; };
		CB11968A6978CAE62B53BC04 /* SessionCompleteView.swift */ = {isa = PBXFileReference; lastKnownFileType = sourcecode.swift; path = SessionCompleteView.swift; sourceTree = "<group>"; };
		CD9CEDBA05532B628BD60D3E /* SplashIntroScreen.swift */ = {isa = PBXFileReference; lastKnownFileType = sourcecode.swift; path = SplashIntroScreen.swift; sourceTree = "<group>"; };
		CEB1EE9F22C3F12C82F5081F /* ProfileView.swift */ = {isa = PBXFileReference; lastKnownFileType = sourcecode.swift; path = ProfileView.swift; sourceTree = "<group>"; };
		CECF36C68B4DF4E0A9B1FA91 /* NotificationService.swift */ = {isa = PBXFileReference; lastKnownFileType = sourcecode.swift; path = NotificationService.swift; sourceTree = "<group>"; };
		D204D7E02973820FA82FDA62 /* ChapterDetailView.swift */ = {isa = PBXFileReference; lastKnownFileType = sourcecode.swift; path = ChapterDetailView.swift; sourceTree = "<group>"; };
		D37859C6C68AD47C1ED880B7 /* ChapterGridView.swift */ = {isa = PBXFileReference; lastKnownFileType = sourcecode.swift; path = ChapterGridView.swift; sourceTree = "<group>"; };
		D5DEC845066A52A8B91AB249 /* QuizSlideView.swift */ = {isa = PBXFileReference; lastKnownFileType = sourcecode.swift; path = QuizSlideView.swift; sourceTree = "<group>"; };
		D65F1555E6D8F9F929B15CC2 /* Chapter.swift */ = {isa = PBXFileReference; lastKnownFileType = sourcecode.swift; path = Chapter.swift; sourceTree = "<group>"; };
		D6C02CBDA088AEB754831570 /* lesson_008.json */ = {isa = PBXFileReference; lastKnownFileType = text.json; path = lesson_008.json; sourceTree = "<group>"; };
		DBCD8CCAC476282D791517EC /* OnboardingFlow.swift */ = {isa = PBXFileReference; lastKnownFileType = sourcecode.swift; path = OnboardingFlow.swift; sourceTree = "<group>"; };
		DC3933E4D30A0A30A35D0B1E /* NotificationScreen.swift */ = {isa = PBXFileReference; lastKnownFileType = sourcecode.swift; path = NotificationScreen.swift; sourceTree = "<group>"; };
		E01A4EADF55A9DA889EEEB02 /* page.mp3 */ = {isa = PBXFileReference; lastKnownFileType = audio.mp3; path = page.mp3; sourceTree = "<group>"; };
		E2BB5F11B81F6FB85A3E2FF9 /* WidgetScreen.swift */ = {isa = PBXFileReference; lastKnownFileType = sourcecode.swift; path = WidgetScreen.swift; sourceTree = "<group>"; };
		E354354F1E9F2DC1EB5808FF /* CharacterIntroView.swift */ = {isa = PBXFileReference; lastKnownFileType = sourcecode.swift; path = CharacterIntroView.swift; sourceTree = "<group>"; };
		E6893FBD2AC772885B02341C /* ChatMessage.swift */ = {isa = PBXFileReference; lastKnownFileType = sourcecode.swift; path = ChatMessage.swift; sourceTree = "<group>"; };
		E7DB9E3078E8948B59F80B23 /* PremiumGateSheet.swift */ = {isa = PBXFileReference; lastKnownFileType = sourcecode.swift; path = PremiumGateSheet.swift; sourceTree = "<group>"; };
		E84481B94748743EF30B1CA8 /* AlamMoBaView.swift */ = {isa = PBXFileReference; lastKnownFileType = sourcecode.swift; path = AlamMoBaView.swift; sourceTree = "<group>"; };
		EACACA5DDDE60931AD01A7C4 /* FlowLayout.swift */ = {isa = PBXFileReference; lastKnownFileType = sourcecode.swift; path = FlowLayout.swift; sourceTree = "<group>"; };
		EB4C950665FE788FD10BA044 /* HighlightedPoText.swift */ = {isa = PBXFileReference; lastKnownFileType = sourcecode.swift; path = HighlightedPoText.swift; sourceTree = "<group>"; };
		EDD4A9C20A9DCD69FF7B60FB /* StreakCalendarView.swift */ = {isa = PBXFileReference; lastKnownFileType = sourcecode.swift; path = StreakCalendarView.swift; sourceTree = "<group>"; };
		F6BAE3455847B83FA3F5BA1A /* StreakService.swift */ = {isa = PBXFileReference; lastKnownFileType = sourcecode.swift; path = StreakService.swift; sourceTree = "<group>"; };
		FCB4DC90868E5BB58F66337F /* WordsView.swift */ = {isa = PBXFileReference; lastKnownFileType = sourcecode.swift; path = WordsView.swift; sourceTree = "<group>"; };
		FD351D022D43F28267207471 /* HeartDisplay.swift */ = {isa = PBXFileReference; lastKnownFileType = sourcecode.swift; path = HeartDisplay.swift; sourceTree = "<group>"; };
		FD94A1988351D3F15F0D4CC2 /* BunsoSpeechBubble.swift */ = {isa = PBXFileReference; lastKnownFileType = sourcecode.swift; path = BunsoSpeechBubble.swift; sourceTree = "<group>"; };
		FDBED49AC8802C7A05C79304 /* MainTabView.swift */ = {isa = PBXFileReference; lastKnownFileType = sourcecode.swift; path = MainTabView.swift; sourceTree = "<group>"; };
		FF6F82FE5B365413983309B8 /* lesson_012.json */ = {isa = PBXFileReference; lastKnownFileType = text.json; path = lesson_012.json; sourceTree = "<group>"; };
/* End PBXFileReference section */

/* Begin PBXFrameworksBuildPhase section */
		1DAA9B20FAC0339674A61EC4 /* Frameworks */ = {
			isa = PBXFrameworksBuildPhase;
			buildActionMask = 2147483647;
			files = (
				0D972B3DC8A45B6F4BFE5E94 /* GoogleGenerativeAI in Frameworks */,
				E9CE3A331A87A7416558A37B /* RevenueCat in Frameworks */,
				2A1DCDAAE8CC4B50EC2CDB86 /* SuperwallKit in Frameworks */,
			);
			runOnlyForDeploymentPostprocessing = 0;
		};
/* End PBXFrameworksBuildPhase section */

/* Begin PBXGroup section */
		081D2A50A4B18EF977981ACE /* Utilities */ = {
			isa = PBXGroup;
			children = (
				0DBD6B23D023E848B001AF77 /* FeatureFlags.swift */,
				69F047FF04ACFAC5A57C1FDF /* GreetingHelper.swift */,
				582E191095CAD6B8156BFA08 /* SwipeBackModifier.swift */,
			);
			path = Utilities;
			sourceTree = "<group>";
		};
		091C8289E73EFF41B7211E73 /* Practice */ = {
			isa = PBXGroup;
			children = (
				18E4C6BD3E168155DBD9D685 /* PracticeView.swift */,
			);
			path = Practice;
			sourceTree = "<group>";
		};
		0F0501CBA9942272DD7F653B /* ViewModels */ = {
			isa = PBXGroup;
			children = (
			);
			path = ViewModels;
			sourceTree = "<group>";
		};
		1582CCE6B80A3673B9EF5065 /* Sounds */ = {
			isa = PBXGroup;
			children = (
				5CA148C48FB90E2526E603D2 /* correct.mp3 */,
				8F71F182FBB54F59BB77B28C /* incorrect.mp3 */,
				810BD5D4A13D35488421665A /* lesson_complete.mp3 */,
				E01A4EADF55A9DA889EEEB02 /* page.mp3 */,
				ABCEA96C4A00FA3F24911597 /* progress.mp3 */,
				334AB78600BA755760110060 /* tap.mp3 */,
			);
			path = Sounds;
			sourceTree = "<group>";
		};
		21830710E4350CFEC27F504B /* Onboarding */ = {
			isa = PBXGroup;
			children = (
				FD94A1988351D3F15F0D4CC2 /* BunsoSpeechBubble.swift */,
				B8B10408555C498086A914E2 /* BunsoView.swift */,
				DBCD8CCAC476282D791517EC /* OnboardingFlow.swift */,
				3E47065F8108212DB8088A22 /* OnboardingLessonView.swift */,
				9D980980644C0FFE0BACF96A /* Screens */,
			);
			path = Onboarding;
			sourceTree = "<group>";
		};
		237534944964054160B998AC /* Theme */ = {
			isa = PBXGroup;
			children = (
				C6D1A21E9377CE216B63B7CC /* Color+Hex.swift */,
				204951829987ECBA0D413D0A /* TarsierColors.swift */,
				4A26B178D0C63849F2ED9DD0 /* TarsierFonts.swift */,
				A3C11C7907CF608BDB708F91 /* TarsierSpacing.swift */,
			);
			path = Theme;
			sourceTree = "<group>";
		};
		26AFC2E1B48A05287A53AD91 /* Resources */ = {
			isa = PBXGroup;
			children = (
				3953BB8B2EC33EB16E8D5D5E /* Lessons */,
				1582CCE6B80A3673B9EF5065 /* Sounds */,
			);
			path = Resources;
			sourceTree = "<group>";
		};
		2ADCCDCEEA3E9F2794F7DA49 /* ch00_introduction */ = {
			isa = PBXGroup;
			children = (
				2FE73D5DECAD5ED9DA3A9503 /* lesson_000.json */,
			);
			path = ch00_introduction;
			sourceTree = "<group>";
		};
		2E1CC7E3EB61DFFE4AC103F8 /* Profile */ = {
			isa = PBXGroup;
			children = (
				5527708EB3ED2D16E9E9708A /* PhotoCreditsView.swift */,
				CEB1EE9F22C3F12C82F5081F /* ProfileView.swift */,
				EDD4A9C20A9DCD69FF7B60FB /* StreakCalendarView.swift */,
				A09312595CB4E7B224A0B925 /* WeeklyActivityChart.swift */,
			);
			path = Profile;
			sourceTree = "<group>";
		};
		3953BB8B2EC33EB16E8D5D5E /* Lessons */ = {
			isa = PBXGroup;
			children = (
				1472B2E8325E8DA300837744 /* chapters.json */,
				2ADCCDCEEA3E9F2794F7DA49 /* ch00_introduction */,
				79DBFCFBA2BE723AA826569B /* ch01_hello */,
			);
			path = Lessons;
			sourceTree = "<group>";
		};
		5DBDA1C707656B8210F73F70 /* Tarsier */ = {
			isa = PBXGroup;
			children = (
				9C2378D89C052FCAC09BB170 /* Assets.xcassets */,
				44E180A31160DC805B3530AE /* ContentView.swift */,
				2BC7EB6E074A89D467C03394 /* Info.plist */,
				89AA407504A6746AA18FB8E6 /* TarsierApp.swift */,
				86DF5A465819EDC3C6E875A6 /* Components */,
				64BA9AB6E424DEC37F374B9D /* Models */,
				26AFC2E1B48A05287A53AD91 /* Resources */,
				A2FB832B26DD3E076AC2E020 /* Services */,
				237534944964054160B998AC /* Theme */,
				081D2A50A4B18EF977981ACE /* Utilities */,
				0F0501CBA9942272DD7F653B /* ViewModels */,
				A9D705B9C6379958BDF9DC87 /* Views */,
			);
			path = Tarsier;
			sourceTree = "<group>";
		};
		64BA9AB6E424DEC37F374B9D /* Models */ = {
			isa = PBXGroup;
			children = (
				D65F1555E6D8F9F929B15CC2 /* Chapter.swift */,
				161EAC20196EEF34D268F9BA /* ChapterProgress.swift */,
				E6893FBD2AC772885B02341C /* ChatMessage.swift */,
				38F1AF056FB07527328995C4 /* DailyActivity.swift */,
				91A9FACB6D20AB766F5171B6 /* LessonResult.swift */,
				C24BC6C7E1CC146418898D68 /* SessionProgress.swift */,
				1E49CB69516AE4DEACD6DF11 /* SlideLesson.swift */,
				B1A70D240F36887A2F91224B /* TarsierCharacter.swift */,
				9CB36CA5AEFE730DF998C96E /* UserProfile.swift */,
				8981091307BFE192BF3F036D /* WordBank.swift */,
			);
			path = Models;
			sourceTree = "<group>";
		};
		755F954D6E2F55D9447C9B97 = {
			isa = PBXGroup;
			children = (
				5DBDA1C707656B8210F73F70 /* Tarsier */,
				F548B8DF818289D9611187BD /* Products */,
			);
			sourceTree = "<group>";
		};
		79DBFCFBA2BE723AA826569B /* ch01_hello */ = {
			isa = PBXGroup;
			children = (
				7E87E8EF4E73D2D9D4E527D6 /* lesson_001.json */,
				9BEDFBC293D802B7E78E6314 /* lesson_002.json */,
				B1497E3B12E06786F8B179A1 /* lesson_003.json */,
				A2DCED4120BC68B92474397F /* lesson_004.json */,
				8585F9EBAE81B61B51ABAF6B /* lesson_005.json */,
				89718F428E19A76EFAE6D36A /* lesson_006.json */,
				4BB0D59DB529C255D19FDAA6 /* lesson_007.json */,
				D6C02CBDA088AEB754831570 /* lesson_008.json */,
				628E434D3766C26646D180F3 /* lesson_009.json */,
				C369839D7D12557E7ACDB187 /* lesson_010.json */,
				BB6FCB130B9C7132052027B3 /* lesson_011.json */,
				FF6F82FE5B365413983309B8 /* lesson_012.json */,
			);
			path = ch01_hello;
			sourceTree = "<group>";
		};
		81A594220476B0720D182E35 /* Lesson */ = {
			isa = PBXGroup;
			children = (
				08D61E44B983120EE2E25748 /* LessonView.swift */,
				CB11968A6978CAE62B53BC04 /* SessionCompleteView.swift */,
				9EE2AED330F7B089D2A9F8B0 /* Slides */,
			);
			path = Lesson;
			sourceTree = "<group>";
		};
		86DF5A465819EDC3C6E875A6 /* Components */ = {
			isa = PBXGroup;
			children = (
				66D68AE60916444BBAE35788 /* AffixBreakdownView.swift */,
				E84481B94748743EF30B1CA8 /* AlamMoBaView.swift */,
				3D9E19B47AF8A2F0C3FC616D /* CoachMarkOverlay.swift */,
				EACACA5DDDE60931AD01A7C4 /* FlowLayout.swift */,
				FD351D022D43F28267207471 /* HeartDisplay.swift */,
				9749D52F0A93EC1D9163BB9B /* HeartsEmptySheet.swift */,
				EB4C950665FE788FD10BA044 /* HighlightedPoText.swift */,
				E7DB9E3078E8948B59F80B23 /* PremiumGateSheet.swift */,
				3E1E37117D7A295A82029498 /* PrimaryButton.swift */,
				473C5B7D17C0C9BF896E2DC8 /* ProgressBarView.swift */,
				099D01D14DB7EFA05035EB31 /* ProgressRingView.swift */,
				3F006D7EB86B96B93700F25C /* SecondaryButton.swift */,
				9CC53468AD1B9C1EB0B4C798 /* TaglishCallout.swift */,
				23B1AC1AF9C8323F0EC1CE3F /* TappableTagalogWord.swift */,
				63AFCD23BA6B7D51D993A567 /* TarsierCard.swift */,
			);
			path = Components;
			sourceTree = "<group>";
		};
		8E22C7BC02A45FDD66F8756C /* Words */ = {
			isa = PBXGroup;
			children = (
				FCB4DC90868E5BB58F66337F /* WordsView.swift */,
			);
			path = Words;
			sourceTree = "<group>";
		};
		9D980980644C0FFE0BACF96A /* Screens */ = {
			isa = PBXGroup;
			children = (
				B6AB4EC3C4231D87F301687E /* AttributionScreen.swift */,
				8F6C600FF04968840B281DE5 /* DailyGoalScreen.swift */,
				670A8D7AF46149EA097A1F2F /* LanguagePickerScreen.swift */,
				B4BBABD167E3FC37B7BA5AB5 /* LoadingScreen.swift */,
				0755EED37BEB76281B207FFC /* MotivationScreen.swift */,
				B6F58506525D6CE32878A0C7 /* NameTitleScreen.swift */,
				DC3933E4D30A0A30A35D0B1E /* NotificationScreen.swift */,
				C7EA384B1AC9E3F3D1225FD9 /* ProficiencyScreen.swift */,
				CD9CEDBA05532B628BD60D3E /* SplashIntroScreen.swift */,
				2FA296D83C9B2D2AF06A6B83 /* SubscriptionGateScreen.swift */,
				7FEDAEE89B71C2A7D71EB326 /* VisionScreen.swift */,
				E2BB5F11B81F6FB85A3E2FF9 /* WidgetScreen.swift */,
			);
			path = Screens;
			sourceTree = "<group>";
		};
		9EE2AED330F7B089D2A9F8B0 /* Slides */ = {
			isa = PBXGroup;
			children = (
				5F579B70A458CA751B04C42C /* CharacterBubbleView.swift */,
				E354354F1E9F2DC1EB5808FF /* CharacterIntroView.swift */,
				205DFCB623E019B789D420D6 /* ImageMatchQuizView.swift */,
				951089B0F60D6C4CAD6FBC60 /* LessonImageView.swift */,
				D5DEC845066A52A8B91AB249 /* QuizSlideView.swift */,
				3E125BAE103B9FCF44D6CC30 /* SentenceBuildQuizView.swift */,
				475FB32862C7CAB41C46C54E /* TeachCardView.swift */,
			);
			path = Slides;
			sourceTree = "<group>";
		};
		A2FB832B26DD3E076AC2E020 /* Services */ = {
			isa = PBXGroup;
			children = (
				C7CCF35A4679E15E3A59181E /* AudioPlayerService.swift */,
				A9508A59AD298CD0D5AD18F0 /* LessonService.swift */,
				CECF36C68B4DF4E0A9B1FA91 /* NotificationService.swift */,
				3A9EE03C08C65FACB6E683A9 /* SoundManager.swift */,
				F6BAE3455847B83FA3F5BA1A /* StreakService.swift */,
				40317D7E75CBD3DE301CED61 /* TarsierAIService.swift */,
			);
			path = Services;
			sourceTree = "<group>";
		};
		A9D705B9C6379958BDF9DC87 /* Views */ = {
			isa = PBXGroup;
			children = (
				FDBED49AC8802C7A05C79304 /* MainTabView.swift */,
				D0CFA5C932BCFB5E4570228F /* Home */,
				81A594220476B0720D182E35 /* Lesson */,
				21830710E4350CFEC27F504B /* Onboarding */,
				091C8289E73EFF41B7211E73 /* Practice */,
				2E1CC7E3EB61DFFE4AC103F8 /* Profile */,
				8E22C7BC02A45FDD66F8756C /* Words */,
			);
			path = Views;
			sourceTree = "<group>";
		};
		D0CFA5C932BCFB5E4570228F /* Home */ = {
			isa = PBXGroup;
			children = (
				601FBFA72001DF467F94C25E /* BunsoGreetingHeader.swift */,
				8142EF1917AAD789166E3058 /* ChapterBannerView.swift */,
				D204D7E02973820FA82FDA62 /* ChapterDetailView.swift */,
				D37859C6C68AD47C1ED880B7 /* ChapterGridView.swift */,
				6779793AD1D1867BCD9303C3 /* ChapterHeaderView.swift */,
				B9D22C5AB86362A6FB74B930 /* ChapterNodeView.swift */,
				1CB55CD3180266F3284F6AF0 /* DailyToastView.swift */,
				1B2A58CC820B1B11923364E4 /* GreetingSheetView.swift */,
				091A2D027DE131B1E9BBBC6B /* HomeView.swift */,
				366CC93EAAACCB1B57913063 /* LessonPopoverCard.swift */,
				0BAAA4E1AD90F7FA47E50F23 /* LessonRowView.swift */,
				917AE620F52E04804585AC13 /* PathNodeView.swift */,
				68965F42111E735FDD0F0176 /* RoadmapDecorations.swift */,
				4C9CEBF6A897AD2397F2E301 /* StartBubbleView.swift */,
				59916CEB753589A5CC734C17 /* ZigzagChapterView.swift */,
			);
			path = Home;
			sourceTree = "<group>";
		};
		F548B8DF818289D9611187BD /* Products */ = {
			isa = PBXGroup;
			children = (
				6E3FB2F04B2A708D6E5E6B01 /* Tarsier.app */,
			);
			name = Products;
			sourceTree = "<group>";
		};
/* End PBXGroup section */

/* Begin PBXNativeTarget section */
		66183142F676C134099C4BFC /* Tarsier */ = {
			isa = PBXNativeTarget;
			buildConfigurationList = 221AA9E772766E6A8E26FC9C /* Build configuration list for PBXNativeTarget "Tarsier" */;
			buildPhases = (
				6FEA6CD7C8747A4AEC380429 /* Sources */,
				9EA084B13733688D8D632AC0 /* Resources */,
				1DAA9B20FAC0339674A61EC4 /* Frameworks */,
			);
			buildRules = (
			);
			dependencies = (
			);
			name = Tarsier;
			packageProductDependencies = (
				487AE1EA67AE2C89550C201E /* GoogleGenerativeAI */,
				2924F4C7AF12EDD42E4E929E /* RevenueCat */,
				1B254C39B45831DB5B47D10D /* SuperwallKit */,
			);
			productName = Tarsier;
			productReference = 6E3FB2F04B2A708D6E5E6B01 /* Tarsier.app */;
			productType = "com.apple.product-type.application";
		};
/* End PBXNativeTarget section */

/* Begin PBXProject section */
		B31010F103A6B394B8499957 /* Project object */ = {
			isa = PBXProject;
			attributes = {
				BuildIndependentTargetsInParallel = YES;
				LastUpgradeCheck = 2630;
			};
			buildConfigurationList = 3F3D5629C7C4DB09FEC13EC6 /* Build configuration list for PBXProject "Tarsier" */;
			developmentRegion = en;
			hasScannedForEncodings = 0;
			knownRegions = (
				Base,
				en,
			);
			mainGroup = 755F954D6E2F55D9447C9B97;
			minimizedProjectReferenceProxies = 1;
			packageReferences = (
				34DE1A5C5278D27BFEFB5BA8 /* XCRemoteSwiftPackageReference "generative-ai-swift" */,
				29E9652A6648997EEB139F2D /* XCRemoteSwiftPackageReference "purchases-ios-spm" */,
				93FA03463661C292E0F29BDF /* XCRemoteSwiftPackageReference "Superwall-iOS" */,
			);
			preferredProjectObjectVersion = 77;
			productRefGroup = F548B8DF818289D9611187BD /* Products */;
			projectDirPath = "";
			projectRoot = "";
			targets = (
				66183142F676C134099C4BFC /* Tarsier */,
			);
		};
/* End PBXProject section */

/* Begin PBXResourcesBuildPhase section */
		9EA084B13733688D8D632AC0 /* Resources */ = {
			isa = PBXResourcesBuildPhase;
			buildActionMask = 2147483647;
			files = (
				600FEE600003A090F6F86EB9 /* Assets.xcassets in Resources */,
				CB4EB44F3EB7DEE0B72E9039 /* chapters.json in Resources */,
				39908E74AE9CD56F086C6666 /* correct.mp3 in Resources */,
				8BAA6ACD3327B25218382406 /* incorrect.mp3 in Resources */,
				F5959EC8F54ED14AEEC5F39A /* lesson_000.json in Resources */,
				699410D08DAE7354FA87A6E3 /* lesson_001.json in Resources */,
				4E996785B64EBC9BB0307296 /* lesson_002.json in Resources */,
				0B60C4A7DCF348491931AEBC /* lesson_003.json in Resources */,
				E2B2BA482D1C61E79133C988 /* lesson_004.json in Resources */,
				6569D7C68FA3658E545E3F69 /* lesson_005.json in Resources */,
				BD5C80AAA366D7ACF89BE613 /* lesson_006.json in Resources */,
				A4A531B45A206D138A81CF60 /* lesson_007.json in Resources */,
				F2390769E04C3F8B7C25B90E /* lesson_008.json in Resources */,
				71515A98A8BEAC5EA1C13FD4 /* lesson_009.json in Resources */,
				68CF7A8DF5862F1199F8A1C8 /* lesson_010.json in Resources */,
				528D7B87A452EAAF6B6F191F /* lesson_011.json in Resources */,
				FFA97D024A62A31520EE8FB9 /* lesson_012.json in Resources */,
				55AADF4CA797AF235B401EB6 /* lesson_complete.mp3 in Resources */,
				8147687B9F8C289D24514CC9 /* page.mp3 in Resources */,
				52BBA1E2B1B6A3686F6232D7 /* progress.mp3 in Resources */,
				E7DE93734537CC6DA07A0E65 /* tap.mp3 in Resources */,
			);
			runOnlyForDeploymentPostprocessing = 0;
		};
/* End PBXResourcesBuildPhase section */

/* Begin PBXSourcesBuildPhase section */
		6FEA6CD7C8747A4AEC380429 /* Sources */ = {
			isa = PBXSourcesBuildPhase;
			buildActionMask = 2147483647;
			files = (
				EF95B6FD5683A0DD0E7BE53A /* AffixBreakdownView.swift in Sources */,
				24E401C768B2C1C765C0C224 /* AlamMoBaView.swift in Sources */,
				6C8D11F2915F34D7863A5E4B /* AttributionScreen.swift in Sources */,
				C98A417F4B067C5D54D4F51C /* AudioPlayerService.swift in Sources */,
				D2172719D13C69DBF8D2BA13 /* BunsoGreetingHeader.swift in Sources */,
				4D6D059AE838E2361E2ED105 /* BunsoSpeechBubble.swift in Sources */,
				A2CC9D254993F6D8E43586A6 /* BunsoView.swift in Sources */,
				F80EBF2D8BC153F6DABDF33A /* Chapter.swift in Sources */,
				FE4553C6FCA8DE9EA6A11E24 /* ChapterBannerView.swift in Sources */,
				C6DE17731C89EFECCD32BCFE /* ChapterDetailView.swift in Sources */,
				576BFB798F9475E36F018D1A /* ChapterGridView.swift in Sources */,
				BE01BD0E70F32231D1F6EA5F /* ChapterHeaderView.swift in Sources */,
				93A9169637700AF6C2FA791F /* ChapterNodeView.swift in Sources */,
				C4B0D5C35AD0A10BD2BB5AA3 /* ChapterProgress.swift in Sources */,
				D9FCA7528272356F7DDDC0C4 /* CharacterBubbleView.swift in Sources */,
				B9A2D2C42A4885F03DE3D42E /* CharacterIntroView.swift in Sources */,
				0E2A1AC42AFC3393EC0C58C6 /* ChatMessage.swift in Sources */,
				C59428EE044D7C09D0A14A4B /* CoachMarkOverlay.swift in Sources */,
				E1DA712511C05A355B29C6EC /* Color+Hex.swift in Sources */,
				9136ABD7F4E245A61EA03A69 /* ContentView.swift in Sources */,
				1000760C4EBC14DBB3CB477A /* DailyActivity.swift in Sources */,
				742F8698C67A7B8AD57CFA46 /* DailyGoalScreen.swift in Sources */,
				ACF105281774A3D190A6B6FF /* DailyToastView.swift in Sources */,
				B188106A6CD0287E4F0CB298 /* FeatureFlags.swift in Sources */,
				E0E0757A7D0E3C0FFE85930A /* FlowLayout.swift in Sources */,
				008885DF805902F799DAE6DD /* GreetingHelper.swift in Sources */,
				AF47E994A76E14434D69E3F7 /* GreetingSheetView.swift in Sources */,
				7A77214E9AC313D7F5A7FCB1 /* HeartDisplay.swift in Sources */,
				73B4EF8347ED1E3EE9888501 /* HeartsEmptySheet.swift in Sources */,
				0015BC4C5D0B268DAD4F7DE9 /* HighlightedPoText.swift in Sources */,
				4F00245F54EA1F869D7A71E0 /* HomeView.swift in Sources */,
				DF3B6F64D09A5289A1CF865D /* ImageMatchQuizView.swift in Sources */,
				D029C976ED2DFB201D1C5568 /* LanguagePickerScreen.swift in Sources */,
				D3FBC7A5ED9C1808AEAA2A7C /* LessonImageView.swift in Sources */,
				2686C4B0819A1BFF18C3E5C8 /* LessonPopoverCard.swift in Sources */,
				7551A64F3FF1AE22C73F537E /* LessonResult.swift in Sources */,
				6C854F8544CAADAFAD7099BF /* LessonRowView.swift in Sources */,
				88C0B9BF90E95AE3194205DD /* LessonService.swift in Sources */,
				4D0C62DE6CFF07894F308CC4 /* LessonView.swift in Sources */,
				053BC60335BFF664CC2502CF /* LoadingScreen.swift in Sources */,
				2BC88A23C0F425A717D26757 /* MainTabView.swift in Sources */,
				287FE3A29DAE4882959B72F8 /* MotivationScreen.swift in Sources */,
				0D6171878C9D920CE6CDED92 /* NameTitleScreen.swift in Sources */,
				24FB801D668A63B6D96D9327 /* NotificationScreen.swift in Sources */,
				1A28406C4655CF595CDAB1B0 /* NotificationService.swift in Sources */,
				AC81B93BFE985CB5A30EB7A8 /* OnboardingFlow.swift in Sources */,
				6898797D4D33E59B51E82493 /* OnboardingLessonView.swift in Sources */,
				4AC72BB0E0EBFFB6781198EF /* PathNodeView.swift in Sources */,
				5F18F08CE1EB5139228AFC07 /* PhotoCreditsView.swift in Sources */,
				45E9BBBD69941E4D7A1926DE /* PracticeView.swift in Sources */,
				3CD9D7100A609013145A1B28 /* PremiumGateSheet.swift in Sources */,
				2D2AC7A6FCB5241C821EC71A /* PrimaryButton.swift in Sources */,
				B5A1293B9F9379C11B46951A /* ProficiencyScreen.swift in Sources */,
				41D5C642375D7E1868452670 /* ProfileView.swift in Sources */,
				ACD9E409F56D77268197A74E /* ProgressBarView.swift in Sources */,
				56995CB378A80952171C6902 /* ProgressRingView.swift in Sources */,
				8321D4A500B59C5323B6BEBD /* QuizSlideView.swift in Sources */,
				7A898B49BE0F571A27295E57 /* RoadmapDecorations.swift in Sources */,
				7605F8A7C446D7D3AFEAB646 /* SecondaryButton.swift in Sources */,
				6B289080AC136746EC551F37 /* SentenceBuildQuizView.swift in Sources */,
				024571D7C03069C4FF7B0FA7 /* SessionCompleteView.swift in Sources */,
				0F0637F837839EE85E063E9A /* SessionProgress.swift in Sources */,
				0CA0DE6E23037B1B5828FE93 /* SlideLesson.swift in Sources */,
				EC21AFA5ACEBBC72072F60D8 /* SoundManager.swift in Sources */,
				CFE9ABD0C4EF814A2BBC1858 /* SplashIntroScreen.swift in Sources */,
				F20AAA7456D6B1BBAA7988FA /* StartBubbleView.swift in Sources */,
				95FCFB9BCCC02D478B30A634 /* StreakCalendarView.swift in Sources */,
				A96817343CAD57D4AF7418B6 /* StreakService.swift in Sources */,
				49E3E09FDEE4FB6FF22378C2 /* SubscriptionGateScreen.swift in Sources */,
				370D3EAD70E90E6F596B7AF8 /* SwipeBackModifier.swift in Sources */,
				FE3E7E9604967CD6CE5EE6AC /* TaglishCallout.swift in Sources */,
				118726566415C9B860E2EA93 /* TappableTagalogWord.swift in Sources */,
				FE72AC5A9AF0B93DF346BFFD /* TarsierAIService.swift in Sources */,
				7E5A197B2CF673B5FA0AA57C /* TarsierApp.swift in Sources */,
				C5D6215F22D1F140AA8E22C9 /* TarsierCard.swift in Sources */,
				3959A9B0C2BE97D5C9B650D5 /* TarsierCharacter.swift in Sources */,
				5D6751FEA2668CD6CEFDF66E /* TarsierColors.swift in Sources */,
				17350FDC627F90A02A885754 /* TarsierFonts.swift in Sources */,
				C69DC30BBD687FD9DB75105E /* TarsierSpacing.swift in Sources */,
				16156C06C674FAAA283CF1BF /* TeachCardView.swift in Sources */,
				6F0020EE3CEE3F36FE04B25B /* UserProfile.swift in Sources */,
				881CDA2FB54A88301DBB6BDB /* VisionScreen.swift in Sources */,
				45CBED735190AA6F5301A38D /* WeeklyActivityChart.swift in Sources */,
				81797E47EBB2AFCD8DF84CED /* WidgetScreen.swift in Sources */,
				60E230BFDDAD721B76B986D6 /* WordBank.swift in Sources */,
				8A31076D4816001DB0BCA2E3 /* WordsView.swift in Sources */,
				A34C50B0E4922A008BD468FB /* ZigzagChapterView.swift in Sources */,
			);
			runOnlyForDeploymentPostprocessing = 0;
		};
/* End PBXSourcesBuildPhase section */

/* Begin XCBuildConfiguration section */
		09E547D63D872D3CA36ABE20 /* Debug */ = {
			isa = XCBuildConfiguration;
			buildSettings = {
				ASSETCATALOG_COMPILER_APPICON_NAME = AppIcon;
				ASSETCATALOG_COMPILER_GLOBAL_ACCENT_COLOR_NAME = AccentColor;
				CODE_SIGN_IDENTITY = "iPhone Developer";
				INFOPLIST_FILE = Tarsier/Info.plist;
				LD_RUNPATH_SEARCH_PATHS = (
					"$(inherited)",
					"@executable_path/Frameworks",
				);
				PRODUCT_BUNDLE_IDENTIFIER = com.tarsierapp.tarsier;
				SDKROOT = iphoneos;
				TARGETED_DEVICE_FAMILY = "1,2";
			};
			name = Debug;
		};
		53C1E3988C98CBA6E9FB7F0E /* Debug */ = {
			isa = XCBuildConfiguration;
			buildSettings = {
				ALWAYS_SEARCH_USER_PATHS = NO;
				CLANG_ANALYZER_NONNULL = YES;
				CLANG_ANALYZER_NUMBER_OBJECT_CONVERSION = YES_AGGRESSIVE;
				CLANG_CXX_LANGUAGE_STANDARD = "gnu++14";
				CLANG_CXX_LIBRARY = "libc++";
				CLANG_ENABLE_MODULES = YES;
				CLANG_ENABLE_OBJC_ARC = YES;
				CLANG_ENABLE_OBJC_WEAK = YES;
				CLANG_WARN_BLOCK_CAPTURE_AUTORELEASING = YES;
				CLANG_WARN_BOOL_CONVERSION = YES;
				CLANG_WARN_COMMA = YES;
				CLANG_WARN_CONSTANT_CONVERSION = YES;
				CLANG_WARN_DEPRECATED_OBJC_IMPLEMENTATIONS = YES;
				CLANG_WARN_DIRECT_OBJC_ISA_USAGE = YES_ERROR;
				CLANG_WARN_DOCUMENTATION_COMMENTS = YES;
				CLANG_WARN_EMPTY_BODY = YES;
				CLANG_WARN_ENUM_CONVERSION = YES;
				CLANG_WARN_INFINITE_RECURSION = YES;
				CLANG_WARN_INT_CONVERSION = YES;
				CLANG_WARN_NON_LITERAL_NULL_CONVERSION = YES;
				CLANG_WARN_OBJC_IMPLICIT_RETAIN_SELF = YES;
				CLANG_WARN_OBJC_LITERAL_CONVERSION = YES;
				CLANG_WARN_OBJC_ROOT_CLASS = YES_ERROR;
				CLANG_WARN_QUOTED_INCLUDE_IN_FRAMEWORK_HEADER = YES;
				CLANG_WARN_RANGE_LOOP_ANALYSIS = YES;
				CLANG_WARN_STRICT_PROTOTYPES = YES;
				CLANG_WARN_SUSPICIOUS_MOVE = YES;
				CLANG_WARN_UNGUARDED_AVAILABILITY = YES_AGGRESSIVE;
				CLANG_WARN_UNREACHABLE_CODE = YES;
				CLANG_WARN__DUPLICATE_METHOD_MATCH = YES;
				COPY_PHASE_STRIP = NO;
				CURRENT_PROJECT_VERSION = 1;
				DEBUG_INFORMATION_FORMAT = dwarf;
				DEVELOPMENT_TEAM = QH9WULA9FH;
				ENABLE_STRICT_OBJC_MSGSEND = YES;
				ENABLE_TESTABILITY = YES;
				ENABLE_USER_SCRIPT_SANDBOXING = YES;
				GCC_C_LANGUAGE_STANDARD = gnu11;
				GCC_DYNAMIC_NO_PIC = NO;
				GCC_NO_COMMON_BLOCKS = YES;
				GCC_OPTIMIZATION_LEVEL = 0;
				GCC_PREPROCESSOR_DEFINITIONS = (
					"$(inherited)",
					"DEBUG=1",
				);
				GCC_WARN_64_TO_32_BIT_CONVERSION = YES;
				GCC_WARN_ABOUT_RETURN_TYPE = YES_ERROR;
				GCC_WARN_UNDECLARED_SELECTOR = YES;
				GCC_WARN_UNINITIALIZED_AUTOS = YES_AGGRESSIVE;
				GCC_WARN_UNUSED_FUNCTION = YES;
				GCC_WARN_UNUSED_VARIABLE = YES;
				GENERATE_INFOPLIST_FILE = YES;
				INFOPLIST_FILE = Tarsier/Info.plist;
				INFOPLIST_KEY_CFBundleDisplayName = Tarsier;
				INFOPLIST_KEY_LSApplicationCategoryType = "public.app-category.education";
				IPHONEOS_DEPLOYMENT_TARGET = 17.0;
				MARKETING_VERSION = 0.1.0;
				MTL_ENABLE_DEBUG_INFO = INCLUDE_SOURCE;
				MTL_FAST_MATH = YES;
				ONLY_ACTIVE_ARCH = YES;
				PRODUCT_NAME = "$(TARGET_NAME)";
				SDKROOT = iphoneos;
				STRING_CATALOG_GENERATE_SYMBOLS = YES;
				SWIFT_ACTIVE_COMPILATION_CONDITIONS = DEBUG;
				SWIFT_EMIT_LOC_STRINGS = YES;
				SWIFT_OPTIMIZATION_LEVEL = "-Onone";
				SWIFT_STRICT_CONCURRENCY = complete;
				SWIFT_VERSION = 6.0;
			};
			name = Debug;
		};
		79FA340108B89F4FEEE8F633 /* Release */ = {
			isa = XCBuildConfiguration;
			buildSettings = {
				ASSETCATALOG_COMPILER_APPICON_NAME = AppIcon;
				ASSETCATALOG_COMPILER_GLOBAL_ACCENT_COLOR_NAME = AccentColor;
				CODE_SIGN_IDENTITY = "iPhone Developer";
				INFOPLIST_FILE = Tarsier/Info.plist;
				LD_RUNPATH_SEARCH_PATHS = (
					"$(inherited)",
					"@executable_path/Frameworks",
				);
				PRODUCT_BUNDLE_IDENTIFIER = com.tarsierapp.tarsier;
				SDKROOT = iphoneos;
				TARGETED_DEVICE_FAMILY = "1,2";
			};
			name = Release;
		};
		FF66DC3E8526FD1363DC70F5 /* Release */ = {
			isa = XCBuildConfiguration;
			buildSettings = {
				ALWAYS_SEARCH_USER_PATHS = NO;
				CLANG_ANALYZER_NONNULL = YES;
				CLANG_ANALYZER_NUMBER_OBJECT_CONVERSION = YES_AGGRESSIVE;
				CLANG_CXX_LANGUAGE_STANDARD = "gnu++14";
				CLANG_CXX_LIBRARY = "libc++";
				CLANG_ENABLE_MODULES = YES;
				CLANG_ENABLE_OBJC_ARC = YES;
				CLANG_ENABLE_OBJC_WEAK = YES;
				CLANG_WARN_BLOCK_CAPTURE_AUTORELEASING = YES;
				CLANG_WARN_BOOL_CONVERSION = YES;
				CLANG_WARN_COMMA = YES;
				CLANG_WARN_CONSTANT_CONVERSION = YES;
				CLANG_WARN_DEPRECATED_OBJC_IMPLEMENTATIONS = YES;
				CLANG_WARN_DIRECT_OBJC_ISA_USAGE = YES_ERROR;
				CLANG_WARN_DOCUMENTATION_COMMENTS = YES;
				CLANG_WARN_EMPTY_BODY = YES;
				CLANG_WARN_ENUM_CONVERSION = YES;
				CLANG_WARN_INFINITE_RECURSION = YES;
				CLANG_WARN_INT_CONVERSION = YES;
				CLANG_WARN_NON_LITERAL_NULL_CONVERSION = YES;
				CLANG_WARN_OBJC_IMPLICIT_RETAIN_SELF = YES;
				CLANG_WARN_OBJC_LITERAL_CONVERSION = YES;
				CLANG_WARN_OBJC_ROOT_CLASS = YES_ERROR;
				CLANG_WARN_QUOTED_INCLUDE_IN_FRAMEWORK_HEADER = YES;
				CLANG_WARN_RANGE_LOOP_ANALYSIS = YES;
				CLANG_WARN_STRICT_PROTOTYPES = YES;
				CLANG_WARN_SUSPICIOUS_MOVE = YES;
				CLANG_WARN_UNGUARDED_AVAILABILITY = YES_AGGRESSIVE;
				CLANG_WARN_UNREACHABLE_CODE = YES;
				CLANG_WARN__DUPLICATE_METHOD_MATCH = YES;
				COPY_PHASE_STRIP = NO;
				CURRENT_PROJECT_VERSION = 1;
				DEBUG_INFORMATION_FORMAT = "dwarf-with-dsym";
				DEVELOPMENT_TEAM = QH9WULA9FH;
				ENABLE_NS_ASSERTIONS = NO;
				ENABLE_STRICT_OBJC_MSGSEND = YES;
				ENABLE_USER_SCRIPT_SANDBOXING = YES;
				GCC_C_LANGUAGE_STANDARD = gnu11;
				GCC_NO_COMMON_BLOCKS = YES;
				GCC_WARN_64_TO_32_BIT_CONVERSION = YES;
				GCC_WARN_ABOUT_RETURN_TYPE = YES_ERROR;
				GCC_WARN_UNDECLARED_SELECTOR = YES;
				GCC_WARN_UNINITIALIZED_AUTOS = YES_AGGRESSIVE;
				GCC_WARN_UNUSED_FUNCTION = YES;
				GCC_WARN_UNUSED_VARIABLE = YES;
				GENERATE_INFOPLIST_FILE = YES;
				INFOPLIST_FILE = Tarsier/Info.plist;
				INFOPLIST_KEY_CFBundleDisplayName = Tarsier;
				INFOPLIST_KEY_LSApplicationCategoryType = "public.app-category.education";
				IPHONEOS_DEPLOYMENT_TARGET = 17.0;
				MARKETING_VERSION = 0.1.0;
				MTL_ENABLE_DEBUG_INFO = NO;
				MTL_FAST_MATH = YES;
				PRODUCT_NAME = "$(TARGET_NAME)";
				SDKROOT = iphoneos;
				STRING_CATALOG_GENERATE_SYMBOLS = YES;
				SWIFT_COMPILATION_MODE = wholemodule;
				SWIFT_EMIT_LOC_STRINGS = YES;
				SWIFT_OPTIMIZATION_LEVEL = "-O";
				SWIFT_STRICT_CONCURRENCY = complete;
				SWIFT_VERSION = 6.0;
			};
			name = Release;
		};
/* End XCBuildConfiguration section */

/* Begin XCConfigurationList section */
		221AA9E772766E6A8E26FC9C /* Build configuration list for PBXNativeTarget "Tarsier" */ = {
			isa = XCConfigurationList;
			buildConfigurations = (
				09E547D63D872D3CA36ABE20 /* Debug */,
				79FA340108B89F4FEEE8F633 /* Release */,
			);
			defaultConfigurationIsVisible = 0;
			defaultConfigurationName = Debug;
		};
		3F3D5629C7C4DB09FEC13EC6 /* Build configuration list for PBXProject "Tarsier" */ = {
			isa = XCConfigurationList;
			buildConfigurations = (
				53C1E3988C98CBA6E9FB7F0E /* Debug */,
				FF66DC3E8526FD1363DC70F5 /* Release */,
			);
			defaultConfigurationIsVisible = 0;
			defaultConfigurationName = Debug;
		};
/* End XCConfigurationList section */

/* Begin XCRemoteSwiftPackageReference section */
		29E9652A6648997EEB139F2D /* XCRemoteSwiftPackageReference "purchases-ios-spm" */ = {
			isa = XCRemoteSwiftPackageReference;
			repositoryURL = "https://github.com/RevenueCat/purchases-ios-spm";
			requirement = {
				kind = upToNextMajorVersion;
				minimumVersion = 5.0.0;
			};
		};
		34DE1A5C5278D27BFEFB5BA8 /* XCRemoteSwiftPackageReference "generative-ai-swift" */ = {
			isa = XCRemoteSwiftPackageReference;
			repositoryURL = "https://github.com/google/generative-ai-swift";
			requirement = {
				kind = upToNextMajorVersion;
				minimumVersion = 0.5.6;
			};
		};
		93FA03463661C292E0F29BDF /* XCRemoteSwiftPackageReference "Superwall-iOS" */ = {
			isa = XCRemoteSwiftPackageReference;
			repositoryURL = "https://github.com/superwall/Superwall-iOS";
			requirement = {
				kind = upToNextMajorVersion;
				minimumVersion = 4.0.0;
			};
		};
/* End XCRemoteSwiftPackageReference section */

/* Begin XCSwiftPackageProductDependency section */
		1B254C39B45831DB5B47D10D /* SuperwallKit */ = {
			isa = XCSwiftPackageProductDependency;
			package = 93FA03463661C292E0F29BDF /* XCRemoteSwiftPackageReference "Superwall-iOS" */;
			productName = SuperwallKit;
		};
		2924F4C7AF12EDD42E4E929E /* RevenueCat */ = {
			isa = XCSwiftPackageProductDependency;
			package = 29E9652A6648997EEB139F2D /* XCRemoteSwiftPackageReference "purchases-ios-spm" */;
			productName = RevenueCat;
		};
		487AE1EA67AE2C89550C201E /* GoogleGenerativeAI */ = {
			isa = XCSwiftPackageProductDependency;
			package = 34DE1A5C5278D27BFEFB5BA8 /* XCRemoteSwiftPackageReference "generative-ai-swift" */;
			productName = GoogleGenerativeAI;
		};
/* End XCSwiftPackageProductDependency section */
	};
	rootObject = B31010F103A6B394B8499957 /* Project object */;
}
